// !$*UTF8*$!
{
	archiveVersion = 1;
	classes = {
	};
	objectVersion = 50;
	objects = {

/* Begin PBXBuildFile section */
		BF7E8D0EE562FA97313CDDA5 /* Pods_DouYuTest.framework in Frameworks */ = {isa = PBXBuildFile; fileRef = B1046BA3644757F534786988 /* Pods_DouYuTest.framework */; };
		EE04393E2265BAC3003D327D /* PageTitleView.swift in Sources */ = {isa = PBXBuildFile; fileRef = EE04393D2265BAC3003D327D /* PageTitleView.swift */; };
		EE0439402265BC2F003D327D /* Common.swift in Sources */ = {isa = PBXBuildFile; fileRef = EE04393F2265BC2F003D327D /* Common.swift */; };
		EE043942226612AE003D327D /* PageContentView.swift in Sources */ = {isa = PBXBuildFile; fileRef = EE043941226612AE003D327D /* PageContentView.swift */; };
		EE04394422671FB2003D327D /* UIColor_Extension.swift in Sources */ = {isa = PBXBuildFile; fileRef = EE04394322671FB2003D327D /* UIColor_Extension.swift */; };
		EE409D01226420B0004654B9 /* AppDelegate.swift in Sources */ = {isa = PBXBuildFile; fileRef = EE409D00226420B0004654B9 /* AppDelegate.swift */; };
		EE409D06226420B0004654B9 /* Main.storyboard in Resources */ = {isa = PBXBuildFile; fileRef = EE409D04226420B0004654B9 /* Main.storyboard */; };
		EE409D08226420B1004654B9 /* Assets.xcassets in Resources */ = {isa = PBXBuildFile; fileRef = EE409D07226420B1004654B9 /* Assets.xcassets */; };
		EE409D0B226420B1004654B9 /* LaunchScreen.storyboard in Resources */ = {isa = PBXBuildFile; fileRef = EE409D09226420B1004654B9 /* LaunchScreen.storyboard */; };
		EE409D3A226431AA004654B9 /* Live.storyboard in Resources */ = {isa = PBXBuildFile; fileRef = EE409D38226431AA004654B9 /* Live.storyboard */; };
		EE409D3D226431DB004654B9 /* Follow.storyboard in Resources */ = {isa = PBXBuildFile; fileRef = EE409D3B226431DB004654B9 /* Follow.storyboard */; };
		EE409D4022643203004654B9 /* Profile.storyboard in Resources */ = {isa = PBXBuildFile; fileRef = EE409D3E22643203004654B9 /* Profile.storyboard */; };
		EE409D43226435DF004654B9 /* Home.storyboard in Resources */ = {isa = PBXBuildFile; fileRef = EE409D41226435DF004654B9 /* Home.storyboard */; };
		EE409D4D22645C4F004654B9 /* MainViewController.swift in Sources */ = {isa = PBXBuildFile; fileRef = EE409D4B22645C4F004654B9 /* MainViewController.swift */; };
		EE409D4F22645CB2004654B9 /* HomeViewController.swift in Sources */ = {isa = PBXBuildFile; fileRef = EE409D4E22645CB2004654B9 /* HomeViewController.swift */; };
		EE409D5222646276004654B9 /* UiBarButtonItem_Extension.swift in Sources */ = {isa = PBXBuildFile; fileRef = EE409D5122646276004654B9 /* UiBarButtonItem_Extension.swift */; };
		EEC3295122685D9C00F84CB3 /* RecommendViewController.swift in Sources */ = {isa = PBXBuildFile; fileRef = EEC3295022685D9C00F84CB3 /* RecommendViewController.swift */; };
		EEC32954226956D100F84CB3 /* CollectionHeaderView.swift in Sources */ = {isa = PBXBuildFile; fileRef = EEC32952226956D100F84CB3 /* CollectionHeaderView.swift */; };
		EEC32955226956D100F84CB3 /* CollectionHeaderView.xib in Resources */ = {isa = PBXBuildFile; fileRef = EEC32953226956D100F84CB3 /* CollectionHeaderView.xib */; };
		EEC3295722695F8700F84CB3 /* CollectionHeaderCode_View.swift in Sources */ = {isa = PBXBuildFile; fileRef = EEC3295622695F8700F84CB3 /* CollectionHeaderCode_View.swift */; };
		EEC329592269A71F00F84CB3 /* HomeCollectionViewCell.swift in Sources */ = {isa = PBXBuildFile; fileRef = EEC329582269A71F00F84CB3 /* HomeCollectionViewCell.swift */; };
/* End PBXBuildFile section */

/* Begin PBXFileReference section */
		541C2285EBE666BC3488B35E /* Pods-DouYuTest.release.xcconfig */ = {isa = PBXFileReference; includeInIndex = 1; lastKnownFileType = text.xcconfig; name = "Pods-DouYuTest.release.xcconfig"; path = "Target Support Files/Pods-DouYuTest/Pods-DouYuTest.release.xcconfig"; sourceTree = "<group>"; };
		B1046BA3644757F534786988 /* Pods_DouYuTest.framework */ = {isa = PBXFileReference; explicitFileType = wrapper.framework; includeInIndex = 0; path = Pods_DouYuTest.framework; sourceTree = BUILT_PRODUCTS_DIR; };
		B6965CE95B246EDA415B9250 /* Pods-DouYuTest.debug.xcconfig */ = {isa = PBXFileReference; includeInIndex = 1; lastKnownFileType = text.xcconfig; name = "Pods-DouYuTest.debug.xcconfig"; path = "Target Support Files/Pods-DouYuTest/Pods-DouYuTest.debug.xcconfig"; sourceTree = "<group>"; };
		EE04393D2265BAC3003D327D /* PageTitleView.swift */ = {isa = PBXFileReference; lastKnownFileType = sourcecode.swift; path = PageTitleView.swift; sourceTree = "<group>"; };
		EE04393F2265BC2F003D327D /* Common.swift */ = {isa = PBXFileReference; lastKnownFileType = sourcecode.swift; path = Common.swift; sourceTree = "<group>"; };
		EE043941226612AE003D327D /* PageContentView.swift */ = {isa = PBXFileReference; lastKnownFileType = sourcecode.swift; path = PageContentView.swift; sourceTree = "<group>"; };
		EE04394322671FB2003D327D /* UIColor_Extension.swift */ = {isa = PBXFileReference; lastKnownFileType = sourcecode.swift; path = UIColor_Extension.swift; sourceTree = "<group>"; };
		EE409CFD226420B0004654B9 /* DouYuTest.app */ = {isa = PBXFileReference; explicitFileType = wrapper.application; includeInIndex = 0; path = DouYuTest.app; sourceTree = BUILT_PRODUCTS_DIR; };
		EE409D00226420B0004654B9 /* AppDelegate.swift */ = {isa = PBXFileReference; lastKnownFileType = sourcecode.swift; path = AppDelegate.swift; sourceTree = "<group>"; };
		EE409D05226420B0004654B9 /* Base */ = {isa = PBXFileReference; lastKnownFileType = file.storyboard; name = Base; path = Base.lproj/Main.storyboard; sourceTree = "<group>"; };
		EE409D07226420B1004654B9 /* Assets.xcassets */ = {isa = PBXFileReference; lastKnownFileType = folder.assetcatalog; path = Assets.xcassets; sourceTree = "<group>"; };
		EE409D0A226420B1004654B9 /* Base */ = {isa = PBXFileReference; lastKnownFileType = file.storyboard; name = Base; path = Base.lproj/LaunchScreen.storyboard; sourceTree = "<group>"; };
		EE409D0C226420B1004654B9 /* Info.plist */ = {isa = PBXFileReference; lastKnownFileType = text.plist.xml; path = Info.plist; sourceTree = "<group>"; };
		EE409D39226431AA004654B9 /* Base */ = {isa = PBXFileReference; lastKnownFileType = file.storyboard; name = Base; path = DouYuTest/Class/Main/Base.lproj/Live.storyboard; sourceTree = "<group>"; };
		EE409D3C226431DB004654B9 /* Base */ = {isa = PBXFileReference; lastKnownFileType = file.storyboard; name = Base; path = DouYuTest/Class/Main/Base.lproj/Follow.storyboard; sourceTree = "<group>"; };
		EE409D3F22643203004654B9 /* Base */ = {isa = PBXFileReference; lastKnownFileType = file.storyboard; name = Base; path = DouYuTest/Class/Main/Base.lproj/Profile.storyboard; sourceTree = "<group>"; };
		EE409D42226435DF004654B9 /* Base */ = {isa = PBXFileReference; lastKnownFileType = file.storyboard; name = Base; path = DouYuTest/Class/Main/Base.lproj/Home.storyboard; sourceTree = "<group>"; };
		EE409D4B22645C4F004654B9 /* MainViewController.swift */ = {isa = PBXFileReference; fileEncoding = 4; lastKnownFileType = sourcecode.swift; path = MainViewController.swift; sourceTree = "<group>"; };
		EE409D4E22645CB2004654B9 /* HomeViewController.swift */ = {isa = PBXFileReference; lastKnownFileType = sourcecode.swift; path = HomeViewController.swift; sourceTree = "<group>"; };
		EE409D5122646276004654B9 /* UiBarButtonItem_Extension.swift */ = {isa = PBXFileReference; lastKnownFileType = sourcecode.swift; path = UiBarButtonItem_Extension.swift; sourceTree = "<group>"; };
		EEC3295022685D9C00F84CB3 /* RecommendViewController.swift */ = {isa = PBXFileReference; lastKnownFileType = sourcecode.swift; path = RecommendViewController.swift; sourceTree = "<group>"; };
		EEC32952226956D100F84CB3 /* CollectionHeaderView.swift */ = {isa = PBXFileReference; lastKnownFileType = sourcecode.swift; path = CollectionHeaderView.swift; sourceTree = "<group>"; };
		EEC32953226956D100F84CB3 /* CollectionHeaderView.xib */ = {isa = PBXFileReference; lastKnownFileType = file.xib; path = CollectionHeaderView.xib; sourceTree = "<group>"; };
		EEC3295622695F8700F84CB3 /* CollectionHeaderCode_View.swift */ = {isa = PBXFileReference; lastKnownFileType = sourcecode.swift; path = CollectionHeaderCode_View.swift; sourceTree = "<group>"; };
		EEC329582269A71F00F84CB3 /* HomeCollectionViewCell.swift */ = {isa = PBXFileReference; lastKnownFileType = sourcecode.swift; path = HomeCollectionViewCell.swift; sourceTree = "<group>"; };
/* End PBXFileReference section */

/* Begin PBXFrameworksBuildPhase section */
		EE409CFA226420B0004654B9 /* Frameworks */ = {
			isa = PBXFrameworksBuildPhase;
			buildActionMask = 2147483647;
			files = (
				BF7E8D0EE562FA97313CDDA5 /* Pods_DouYuTest.framework in Frameworks */,
			);
			runOnlyForDeploymentPostprocessing = 0;
		};
/* End PBXFrameworksBuildPhase section */

/* Begin PBXGroup section */
		00B954F86B5EA6E365C65CC4 /* Frameworks */ = {
			isa = PBXGroup;
			children = (
				B1046BA3644757F534786988 /* Pods_DouYuTest.framework */,
			);
			name = Frameworks;
			sourceTree = "<group>";
		};
		8FB4722F1AB77447A1045C51 /* Pods */ = {
			isa = PBXGroup;
			children = (
				B6965CE95B246EDA415B9250 /* Pods-DouYuTest.debug.xcconfig */,
				541C2285EBE666BC3488B35E /* Pods-DouYuTest.release.xcconfig */,
			);
			path = Pods;
			sourceTree = "<group>";
		};
		EE409CF4226420B0004654B9 = {
			isa = PBXGroup;
			children = (
				EE409CFF226420B0004654B9 /* DouYuTest */,
				EE409CFE226420B0004654B9 /* Products */,
				8FB4722F1AB77447A1045C51 /* Pods */,
				00B954F86B5EA6E365C65CC4 /* Frameworks */,
			);
			sourceTree = "<group>";
		};
		EE409CFE226420B0004654B9 /* Products */ = {
			isa = PBXGroup;
			children = (
				EE409CFD226420B0004654B9 /* DouYuTest.app */,
			);
			name = Products;
			sourceTree = "<group>";
		};
		EE409CFF226420B0004654B9 /* DouYuTest */ = {
			isa = PBXGroup;
			children = (
				EE409D2E226429A3004654B9 /* Class */,
				EE409D00226420B0004654B9 /* AppDelegate.swift */,
				EE409D07226420B1004654B9 /* Assets.xcassets */,
				EE409D09226420B1004654B9 /* LaunchScreen.storyboard */,
				EE409D0C226420B1004654B9 /* Info.plist */,
			);
			path = DouYuTest;
			sourceTree = "<group>";
		};
		EE409D2E226429A3004654B9 /* Class */ = {
			isa = PBXGroup;
			children = (
				EE409D34226429A3004654B9 /* Main */,
				EE409D2F226429A3004654B9 /* Home */,
				EE409D33226429A3004654B9 /* Live */,
				EE409D31226429A3004654B9 /* Follow */,
				EE409D32226429A3004654B9 /* Profile */,
				EE409D30226429A3004654B9 /* Tools */,
			);
			path = Class;
			sourceTree = "<group>";
		};
		EE409D2F226429A3004654B9 /* Home */ = {
			isa = PBXGroup;
			children = (
				EE409D4722645BC4004654B9 /* Model */,
				EE409D4822645BC4004654B9 /* View */,
				EE409D4622645BC4004654B9 /* Controller */,
			);
			path = Home;
			sourceTree = "<group>";
		};
		EE409D30226429A3004654B9 /* Tools */ = {
			isa = PBXGroup;
			children = (
				EE04393F2265BC2F003D327D /* Common.swift */,
				EE409D5022646227004654B9 /* Extension */,
			);
			path = Tools;
			sourceTree = "<group>";
		};
		EE409D31226429A3004654B9 /* Follow */ = {
			isa = PBXGroup;
			children = (
				EE409D3B226431DB004654B9 /* Follow.storyboard */,
			);
			path = Follow;
			sourceTree = "<group>";
		};
		EE409D32226429A3004654B9 /* Profile */ = {
			isa = PBXGroup;
			children = (
				EE409D3E22643203004654B9 /* Profile.storyboard */,
			);
			path = Profile;
			sourceTree = "<group>";
		};
		EE409D33226429A3004654B9 /* Live */ = {
			isa = PBXGroup;
			children = (
				EE409D38226431AA004654B9 /* Live.storyboard */,
			);
			path = Live;
			sourceTree = "<group>";
		};
		EE409D34226429A3004654B9 /* Main */ = {
			isa = PBXGroup;
			children = (
				EE409D4C22645C4F004654B9 /* Model */,
				EE409D4922645C4F004654B9 /* View */,
				EE409D4A22645C4F004654B9 /* Controller */,
			);
			path = Main;
			sourceTree = "<group>";
		};
		EE409D4622645BC4004654B9 /* Controller */ = {
			isa = PBXGroup;
			children = (
				EE409D41226435DF004654B9 /* Home.storyboard */,
				EE409D4E22645CB2004654B9 /* HomeViewController.swift */,
				EEC3295022685D9C00F84CB3 /* RecommendViewController.swift */,
			);
			path = Controller;
			sourceTree = "<group>";
		};
		EE409D4722645BC4004654B9 /* Model */ = {
			isa = PBXGroup;
			children = (
			);
			path = Model;
			sourceTree = "<group>";
		};
		EE409D4822645BC4004654B9 /* View */ = {
			isa = PBXGroup;
			children = (
				EEC32952226956D100F84CB3 /* CollectionHeaderView.swift */,
				EEC32953226956D100F84CB3 /* CollectionHeaderView.xib */,
				EEC3295622695F8700F84CB3 /* CollectionHeaderCode_View.swift */,
				EEC329582269A71F00F84CB3 /* HomeCollectionViewCell.swift */,
			);
			path = View;
			sourceTree = "<group>";
		};
		EE409D4922645C4F004654B9 /* View */ = {
			isa = PBXGroup;
			children = (
				EE04393D2265BAC3003D327D /* PageTitleView.swift */,
				EE043941226612AE003D327D /* PageContentView.swift */,
			);
			path = View;
			sourceTree = "<group>";
		};
		EE409D4A22645C4F004654B9 /* Controller */ = {
			isa = PBXGroup;
			children = (
				EE409D04226420B0004654B9 /* Main.storyboard */,
				EE409D4B22645C4F004654B9 /* MainViewController.swift */,
			);
			path = Controller;
			sourceTree = "<group>";
		};
		EE409D4C22645C4F004654B9 /* Model */ = {
			isa = PBXGroup;
			children = (
			);
			path = Model;
			sourceTree = "<group>";
		};
		EE409D5022646227004654B9 /* Extension */ = {
			isa = PBXGroup;
			children = (
				EE409D5122646276004654B9 /* UiBarButtonItem_Extension.swift */,
				EE04394322671FB2003D327D /* UIColor_Extension.swift */,
			);
			path = Extension;
			sourceTree = "<group>";
		};
/* End PBXGroup section */

/* Begin PBXNativeTarget section */
		EE409CFC226420B0004654B9 /* DouYuTest */ = {
			isa = PBXNativeTarget;
			buildConfigurationList = EE409D25226420B2004654B9 /* Build configuration list for PBXNativeTarget "DouYuTest" */;
			buildPhases = (
				3AA3844AE2A3A7ED91C0A2E9 /* [CP] Check Pods Manifest.lock */,
				EE409CF9226420B0004654B9 /* Sources */,
				EE409CFA226420B0004654B9 /* Frameworks */,
				EE409CFB226420B0004654B9 /* Resources */,
				B4A882F847E37983412224A9 /* [CP] Embed Pods Frameworks */,
			);
			buildRules = (
			);
			dependencies = (
			);
			name = DouYuTest;
			productName = DouYuTest;
			productReference = EE409CFD226420B0004654B9 /* DouYuTest.app */;
			productType = "com.apple.product-type.application";
		};
/* End PBXNativeTarget section */

/* Begin PBXProject section */
		EE409CF5226420B0004654B9 /* Project object */ = {
			isa = PBXProject;
			attributes = {
				LastSwiftUpdateCheck = 1020;
				LastUpgradeCheck = 1020;
				ORGANIZATIONNAME = pp;
				TargetAttributes = {
					EE409CFC226420B0004654B9 = {
						CreatedOnToolsVersion = 10.2;
					};
				};
			};
			buildConfigurationList = EE409CF8226420B0004654B9 /* Build configuration list for PBXProject "DouYuTest" */;
			compatibilityVersion = "Xcode 9.3";
			developmentRegion = en;
			hasScannedForEncodings = 0;
			knownRegions = (
				en,
				Base,
			);
			mainGroup = EE409CF4226420B0004654B9;
			productRefGroup = EE409CFE226420B0004654B9 /* Products */;
			projectDirPath = "";
			projectRoot = "";
			targets = (
				EE409CFC226420B0004654B9 /* DouYuTest */,
			);
		};
/* End PBXProject section */

/* Begin PBXResourcesBuildPhase section */
		EE409CFB226420B0004654B9 /* Resources */ = {
			isa = PBXResourcesBuildPhase;
			buildActionMask = 2147483647;
			files = (
				EE409D43226435DF004654B9 /* Home.storyboard in Resources */,
				EEC32955226956D100F84CB3 /* CollectionHeaderView.xib in Resources */,
				EE409D0B226420B1004654B9 /* LaunchScreen.storyboard in Resources */,
				EE409D08226420B1004654B9 /* Assets.xcassets in Resources */,
				EE409D06226420B0004654B9 /* Main.storyboard in Resources */,
				EE409D3A226431AA004654B9 /* Live.storyboard in Resources */,
				EE409D4022643203004654B9 /* Profile.storyboard in Resources */,
				EE409D3D226431DB004654B9 /* Follow.storyboard in Resources */,
			);
			runOnlyForDeploymentPostprocessing = 0;
		};
/* End PBXResourcesBuildPhase section */

/* Begin PBXShellScriptBuildPhase section */
		3AA3844AE2A3A7ED91C0A2E9 /* [CP] Check Pods Manifest.lock */ = {
			isa = PBXShellScriptBuildPhase;
			buildActionMask = 2147483647;
			files = (
			);
			inputFileListPaths = (
			);
			inputPaths = (
				"${PODS_PODFILE_DIR_PATH}/Podfile.lock",
				"${PODS_ROOT}/Manifest.lock",
			);
			name = "[CP] Check Pods Manifest.lock";
			outputFileListPaths = (
			);
			outputPaths = (
				"$(DERIVED_FILE_DIR)/Pods-DouYuTest-checkManifestLockResult.txt",
			);
			runOnlyForDeploymentPostprocessing = 0;
			shellPath = /bin/sh;
			shellScript = "diff \"${PODS_PODFILE_DIR_PATH}/Podfile.lock\" \"${PODS_ROOT}/Manifest.lock\" > /dev/null\nif [ $? != 0 ] ; then\n    # print error to STDERR\n    echo \"error: The sandbox is not in sync with the Podfile.lock. Run 'pod install' or update your CocoaPods installation.\" >&2\n    exit 1\nfi\n# This output is used by Xcode 'outputs' to avoid re-running this script phase.\necho \"SUCCESS\" > \"${SCRIPT_OUTPUT_FILE_0}\"\n";
			showEnvVarsInLog = 0;
		};
		B4A882F847E37983412224A9 /* [CP] Embed Pods Frameworks */ = {
			isa = PBXShellScriptBuildPhase;
			buildActionMask = 2147483647;
			files = (
			);
			inputFileListPaths = (
			);
			inputPaths = (
				"${PODS_ROOT}/Target Support Files/Pods-DouYuTest/Pods-DouYuTest-frameworks.sh",
				"${BUILT_PRODUCTS_DIR}/SnapKit/SnapKit.framework",
			);
			name = "[CP] Embed Pods Frameworks";
			outputFileListPaths = (
			);
			outputPaths = (
				"${TARGET_BUILD_DIR}/${FRAMEWORKS_FOLDER_PATH}/SnapKit.framework",
			);
			runOnlyForDeploymentPostprocessing = 0;
			shellPath = /bin/sh;
			shellScript = "\"${PODS_ROOT}/Target Support Files/Pods-DouYuTest/Pods-DouYuTest-frameworks.sh\"\n";
			showEnvVarsInLog = 0;
		};
/* End PBXShellScriptBuildPhase section */

/* Begin PBXSourcesBuildPhase section */
		EE409CF9226420B0004654B9 /* Sources */ = {
			isa = PBXSourcesBuildPhase;
			buildActionMask = 2147483647;
			files = (
				EE409D5222646276004654B9 /* UiBarButtonItem_Extension.swift in Sources */,
				EEC32954226956D100F84CB3 /* CollectionHeaderView.swift in Sources */,
				EE409D01226420B0004654B9 /* AppDelegate.swift in Sources */,
				EEC3295122685D9C00F84CB3 /* RecommendViewController.swift in Sources */,
				EE04393E2265BAC3003D327D /* PageTitleView.swift in Sources */,
				EE04394422671FB2003D327D /* UIColor_Extension.swift in Sources */,
				EEC3295722695F8700F84CB3 /* CollectionHeaderCode_View.swift in Sources */,
				EE043942226612AE003D327D /* PageContentView.swift in Sources */,
				EE409D4D22645C4F004654B9 /* MainViewController.swift in Sources */,
				EE0439402265BC2F003D327D /* Common.swift in Sources */,
				EE409D4F22645CB2004654B9 /* HomeViewController.swift in Sources */,
				EEC329592269A71F00F84CB3 /* HomeCollectionViewCell.swift in Sources */,
			);
			runOnlyForDeploymentPostprocessing = 0;
		};
/* End PBXSourcesBuildPhase section */

/* Begin PBXVariantGroup section */
		EE409D04226420B0004654B9 /* Main.storyboard */ = {
			isa = PBXVariantGroup;
			children = (
				EE409D05226420B0004654B9 /* Base */,
			);
			name = Main.storyboard;
			sourceTree = "<group>";
		};
		EE409D09226420B1004654B9 /* LaunchScreen.storyboard */ = {
			isa = PBXVariantGroup;
			children = (
				EE409D0A226420B1004654B9 /* Base */,
			);
			name = LaunchScreen.storyboard;
			sourceTree = "<group>";
		};
		EE409D38226431AA004654B9 /* Live.storyboard */ = {
			isa = PBXVariantGroup;
			children = (
				EE409D39226431AA004654B9 /* Base */,
			);
			name = Live.storyboard;
			sourceTree = "<group>";
		};
		EE409D3B226431DB004654B9 /* Follow.storyboard */ = {
			isa = PBXVariantGroup;
			children = (
				EE409D3C226431DB004654B9 /* Base */,
			);
			name = Follow.storyboard;
			sourceTree = "<group>";
		};
		EE409D3E22643203004654B9 /* Profile.storyboard */ = {
			isa = PBXVariantGroup;
			children = (
				EE409D3F22643203004654B9 /* Base */,
			);
			name = Profile.storyboard;
			sourceTree = "<group>";
		};
		EE409D41226435DF004654B9 /* Home.storyboard */ = {
			isa = PBXVariantGroup;
			children = (
				EE409D42226435DF004654B9 /* Base */,
			);
			name = Home.storyboard;
			sourceTree = "<group>";
		};
/* End PBXVariantGroup section */

/* Begin XCBuildConfiguration section */
		EE409D23226420B2004654B9 /* Debug */ = {
			isa = XCBuildConfiguration;
			buildSettings = {
				ALWAYS_SEARCH_USER_PATHS = NO;
				CLANG_ANALYZER_NONNULL = YES;
				CLANG_ANALYZER_NUMBER_OBJECT_CONVERSION = YES_AGGRESSIVE;
				CLANG_CXX_LANGUAGE_STANDARD = "gnu++14";
				CLANG_CXX_LIBRARY = "libc++";
				CLANG_ENABLE_MODULES = YES;
				CLANG_ENABLE_OBJC_ARC = YES;
				CLANG_ENABLE_OBJC_WEAK = YES;
				CLANG_WARN_BLOCK_CAPTURE_AUTORELEASING = YES;
				CLANG_WARN_BOOL_CONVERSION = YES;
				CLANG_WARN_COMMA = YES;
				CLANG_WARN_CONSTANT_CONVERSION = YES;
				CLANG_WARN_DEPRECATED_OBJC_IMPLEMENTATIONS = YES;
				CLANG_WARN_DIRECT_OBJC_ISA_USAGE = YES_ERROR;
				CLANG_WARN_DOCUMENTATION_COMMENTS = YES;
				CLANG_WARN_EMPTY_BODY = YES;
				CLANG_WARN_ENUM_CONVERSION = YES;
				CLANG_WARN_INFINITE_RECURSION = YES;
				CLANG_WARN_INT_CONVERSION = YES;
				CLANG_WARN_NON_LITERAL_NULL_CONVERSION = YES;
				CLANG_WARN_OBJC_IMPLICIT_RETAIN_SELF = YES;
				CLANG_WARN_OBJC_LITERAL_CONVERSION = YES;
				CLANG_WARN_OBJC_ROOT_CLASS = YES_ERROR;
				CLANG_WARN_RANGE_LOOP_ANALYSIS = YES;
				CLANG_WARN_STRICT_PROTOTYPES = YES;
				CLANG_WARN_SUSPICIOUS_MOVE = YES;
				CLANG_WARN_UNGUARDED_AVAILABILITY = YES_AGGRESSIVE;
				CLANG_WARN_UNREACHABLE_CODE = YES;
				CLANG_WARN__DUPLICATE_METHOD_MATCH = YES;
				CODE_SIGN_IDENTITY = "iPhone Developer";
				COPY_PHASE_STRIP = NO;
				DEBUG_INFORMATION_FORMAT = dwarf;
				ENABLE_STRICT_OBJC_MSGSEND = YES;
				ENABLE_TESTABILITY = YES;
				GCC_C_LANGUAGE_STANDARD = gnu11;
				GCC_DYNAMIC_NO_PIC = NO;
				GCC_NO_COMMON_BLOCKS = YES;
				GCC_OPTIMIZATION_LEVEL = 0;
				GCC_PREPROCESSOR_DEFINITIONS = (
					"DEBUG=1",
					"$(inherited)",
				);
				GCC_WARN_64_TO_32_BIT_CONVERSION = YES;
				GCC_WARN_ABOUT_RETURN_TYPE = YES_ERROR;
				GCC_WARN_UNDECLARED_SELECTOR = YES;
				GCC_WARN_UNINITIALIZED_AUTOS = YES_AGGRESSIVE;
				GCC_WARN_UNUSED_FUNCTION = YES;
				GCC_WARN_UNUSED_VARIABLE = YES;
				IPHONEOS_DEPLOYMENT_TARGET = 12.2;
				MTL_ENABLE_DEBUG_INFO = INCLUDE_SOURCE;
				MTL_FAST_MATH = YES;
				ONLY_ACTIVE_ARCH = YES;
				SDKROOT = iphoneos;
				SWIFT_ACTIVE_COMPILATION_CONDITIONS = DEBUG;
				SWIFT_OPTIMIZATION_LEVEL = "-Onone";
			};
			name = Debug;
		};
		EE409D24226420B2004654B9 /* Release */ = {
			isa = XCBuildConfiguration;
			buildSettings = {
				ALWAYS_SEARCH_USER_PATHS = NO;
				CLANG_ANALYZER_NONNULL = YES;
				CLANG_ANALYZER_NUMBER_OBJECT_CONVERSION = YES_AGGRESSIVE;
				CLANG_CXX_LANGUAGE_STANDARD = "gnu++14";
				CLANG_CXX_LIBRARY = "libc++";
				CLANG_ENABLE_MODULES = YES;
				CLANG_ENABLE_OBJC_ARC = YES;
				CLANG_ENABLE_OBJC_WEAK = YES;
				CLANG_WARN_BLOCK_CAPTURE_AUTORELEASING = YES;
				CLANG_WARN_BOOL_CONVERSION = YES;
				CLANG_WARN_COMMA = YES;
				CLANG_WARN_CONSTANT_CONVERSION = YES;
				CLANG_WARN_DEPRECATED_OBJC_IMPLEMENTATIONS = YES;
				CLANG_WARN_DIRECT_OBJC_ISA_USAGE = YES_ERROR;
				CLANG_WARN_DOCUMENTATION_COMMENTS = YES;
				CLANG_WARN_EMPTY_BODY = YES;
				CLANG_WARN_ENUM_CONVERSION = YES;
				CLANG_WARN_INFINITE_RECURSION = YES;
				CLANG_WARN_INT_CONVERSION = YES;
				CLANG_WARN_NON_LITERAL_NULL_CONVERSION = YES;
				CLANG_WARN_OBJC_IMPLICIT_RETAIN_SELF = YES;
				CLANG_WARN_OBJC_LITERAL_CONVERSION = YES;
				CLANG_WARN_OBJC_ROOT_CLASS = YES_ERROR;
				CLANG_WARN_RANGE_LOOP_ANALYSIS = YES;
				CLANG_WARN_STRICT_PROTOTYPES = YES;
				CLANG_WARN_SUSPICIOUS_MOVE = YES;
				CLANG_WARN_UNGUARDED_AVAILABILITY = YES_AGGRESSIVE;
				CLANG_WARN_UNREACHABLE_CODE = YES;
				CLANG_WARN__DUPLICATE_METHOD_MATCH = YES;
				CODE_SIGN_IDENTITY = "iPhone Developer";
				COPY_PHASE_STRIP = NO;
				DEBUG_INFORMATION_FORMAT = "dwarf-with-dsym";
				ENABLE_NS_ASSERTIONS = NO;
				ENABLE_STRICT_OBJC_MSGSEND = YES;
				GCC_C_LANGUAGE_STANDARD = gnu11;
				GCC_NO_COMMON_BLOCKS = YES;
				GCC_WARN_64_TO_32_BIT_CONVERSION = YES;
				GCC_WARN_ABOUT_RETURN_TYPE = YES_ERROR;
				GCC_WARN_UNDECLARED_SELECTOR = YES;
				GCC_WARN_UNINITIALIZED_AUTOS = YES_AGGRESSIVE;
				GCC_WARN_UNUSED_FUNCTION = YES;
				GCC_WARN_UNUSED_VARIABLE = YES;
				IPHONEOS_DEPLOYMENT_TARGET = 12.2;
				MTL_ENABLE_DEBUG_INFO = NO;
				MTL_FAST_MATH = YES;
				SDKROOT = iphoneos;
				SWIFT_COMPILATION_MODE = wholemodule;
				SWIFT_OPTIMIZATION_LEVEL = "-O";
				VALIDATE_PRODUCT = YES;
			};
			name = Release;
		};
		EE409D26226420B2004654B9 /* Debug */ = {
			isa = XCBuildConfiguration;
			baseConfigurationReference = B6965CE95B246EDA415B9250 /* Pods-DouYuTest.debug.xcconfig */;
			buildSettings = {
				ASSETCATALOG_COMPILER_APPICON_NAME = AppIcon;
				ASSETCATALOG_COMPILER_LAUNCHIMAGE_NAME = LaunchImage;
				CODE_SIGN_STYLE = Automatic;
				DEVELOPMENT_TEAM = 6VR9P9UZQL;
				INFOPLIST_FILE = DouYuTest/Info.plist;
				IPHONEOS_DEPLOYMENT_TARGET = 12.1;
				LD_RUNPATH_SEARCH_PATHS = (
					"$(inherited)",
					"@executable_path/Frameworks",
				);
				PRODUCT_BUNDLE_IDENTIFIER = pp.palmit.DouYuTest;
				PRODUCT_NAME = "$(TARGET_NAME)";
				SWIFT_VERSION = 5.0;
				TARGETED_DEVICE_FAMILY = 1;
			};
			name = Debug;
		};
		EE409D27226420B2004654B9 /* Release */ = {
			isa = XCBuildConfiguration;
			baseConfigurationReference = 541C2285EBE666BC3488B35E /* Pods-DouYuTest.release.xcconfig */;
			buildSettings = {
				ASSETCATALOG_COMPILER_APPICON_NAME = AppIcon;
				ASSETCATALOG_COMPILER_LAUNCHIMAGE_NAME = LaunchImage;
				CODE_SIGN_STYLE = Automatic;
				DEVELOPMENT_TEAM = 6VR9P9UZQL;
				INFOPLIST_FILE = DouYuTest/Info.plist;
				IPHONEOS_DEPLOYMENT_TARGET = 12.1;
				LD_RUNPATH_SEARCH_PATHS = (
					"$(inherited)",
					"@executable_path/Frameworks",
				);
				PRODUCT_BUNDLE_IDENTIFIER = pp.palmit.DouYuTest;
				PRODUCT_NAME = "$(TARGET_NAME)";
				SWIFT_VERSION = 5.0;
				TARGETED_DEVICE_FAMILY = 1;
			};
			name = Release;
		};
/* End XCBuildConfiguration section */

/* Begin XCConfigurationList section */
		EE409CF8226420B0004654B9 /* Build configuration list for PBXProject "DouYuTest" */ = {
			isa = XCConfigurationList;
			buildConfigurations = (
				EE409D23226420B2004654B9 /* Debug */,
				EE409D24226420B2004654B9 /* Release */,
			);
			defaultConfigurationIsVisible = 0;
			defaultConfigurationName = Release;
		};
		EE409D25226420B2004654B9 /* Build configuration list for PBXNativeTarget "DouYuTest" */ = {
			isa = XCConfigurationList;
			buildConfigurations = (
				EE409D26226420B2004654B9 /* Debug */,
				EE409D27226420B2004654B9 /* Release */,
			);
			defaultConfigurationIsVisible = 0;
			defaultConfigurationName = Release;
		};
/* End XCConfigurationList section */
	};
	rootObject = EE409CF5226420B0004654B9 /* Project object */;
}
